// !$*UTF8*$!
{
	archiveVersion = 1;
	classes = {
	};
	objectVersion = 46;
	objects = {

/* Begin PBXBuildFile section */
		F5983BEE1E5A5ACB00F4F024 /* AppDelegate.swift in Sources */ = {isa = PBXBuildFile; fileRef = F5983BED1E5A5ACB00F4F024 /* AppDelegate.swift */; };
		F5983BF01E5A5ACB00F4F024 /* ViewController.swift in Sources */ = {isa = PBXBuildFile; fileRef = F5983BEF1E5A5ACB00F4F024 /* ViewController.swift */; };
		F5983BF21E5A5ACB00F4F024 /* Assets.xcassets in Resources */ = {isa = PBXBuildFile; fileRef = F5983BF11E5A5ACB00F4F024 /* Assets.xcassets */; };
		F5983BF51E5A5ACB00F4F024 /* Main.storyboard in Resources */ = {isa = PBXBuildFile; fileRef = F5983BF31E5A5ACB00F4F024 /* Main.storyboard */; };
		F5983C001E5A5ACB00F4F024 /* xcode8gitTests.swift in Sources */ = {isa = PBXBuildFile; fileRef = F5983BFF1E5A5ACB00F4F024 /* xcode8gitTests.swift */; };
		F5983C0B1E5A5ACB00F4F024 /* xcode8gitUITests.swift in Sources */ = {isa = PBXBuildFile; fileRef = F5983C0A1E5A5ACB00F4F024 /* xcode8gitUITests.swift */; };
/* End PBXBuildFile section */

/* Begin PBXContainerItemProxy section */
		F5983BFC1E5A5ACB00F4F024 /* PBXContainerItemProxy */ = {
			isa = PBXContainerItemProxy;
			containerPortal = F5983BE21E5A5ACB00F4F024 /* Project object */;
			proxyType = 1;
			remoteGlobalIDString = F5983BE91E5A5ACB00F4F024;
			remoteInfo = xcode8git;
		};
		F5983C071E5A5ACB00F4F024 /* PBXContainerItemProxy */ = {
			isa = PBXContainerItemProxy;
			containerPortal = F5983BE21E5A5ACB00F4F024 /* Project object */;
			proxyType = 1;
			remoteGlobalIDString = F5983BE91E5A5ACB00F4F024;
			remoteInfo = xcode8git;
		};
/* End PBXContainerItemProxy section */

/* Begin PBXFileReference section */
		F5983BEA1E5A5ACB00F4F024 /* xcode8git.app */ = {isa = PBXFileReference; explicitFileType = wrapper.application; includeInIndex = 0; path = xcode8git.app; sourceTree = BUILT_PRODUCTS_DIR; };
		F5983BED1E5A5ACB00F4F024 /* AppDelegate.swift */ = {isa = PBXFileReference; lastKnownFileType = sourcecode.swift; path = AppDelegate.swift; sourceTree = "<group>"; };
		F5983BEF1E5A5ACB00F4F024 /* ViewController.swift */ = {isa = PBXFileReference; lastKnownFileType = sourcecode.swift; path = ViewController.swift; sourceTree = "<group>"; };
		F5983BF11E5A5ACB00F4F024 /* Assets.xcassets */ = {isa = PBXFileReference; lastKnownFileType = folder.assetcatalog; path = Assets.xcassets; sourceTree = "<group>"; };
		F5983BF41E5A5ACB00F4F024 /* Base */ = {isa = PBXFileReference; lastKnownFileType = file.storyboard; name = Base; path = Base.lproj/Main.storyboard; sourceTree = "<group>"; };
		F5983BF61E5A5ACB00F4F024 /* Info.plist */ = {isa = PBXFileReference; lastKnownFileType = text.plist.xml; path = Info.plist; sourceTree = "<group>"; };
		F5983BFB1E5A5ACB00F4F024 /* xcode8gitTests.xctest */ = {isa = PBXFileReference; explicitFileType = wrapper.cfbundle; includeInIndex = 0; path = xcode8gitTests.xctest; sourceTree = BUILT_PRODUCTS_DIR; };
		F5983BFF1E5A5ACB00F4F024 /* xcode8gitTests.swift */ = {isa = PBXFileReference; lastKnownFileType = sourcecode.swift; path = xcode8gitTests.swift; sourceTree = "<group>"; };
		F5983C011E5A5ACB00F4F024 /* Info.plist */ = {isa = PBXFileReference; lastKnownFileType = text.plist.xml; path = Info.plist; sourceTree = "<group>"; };
		F5983C061E5A5ACB00F4F024 /* xcode8gitUITests.xctest */ = {isa = PBXFileReference; explicitFileType = wrapper.cfbundle; includeInIndex = 0; path = xcode8gitUITests.xctest; sourceTree = BUILT_PRODUCTS_DIR; };
		F5983C0A1E5A5ACB00F4F024 /* xcode8gitUITests.swift */ = {isa = PBXFileReference; lastKnownFileType = sourcecode.swift; path = xcode8gitUITests.swift; sourceTree = "<group>"; };
		F5983C0C1E5A5ACB00F4F024 /* Info.plist */ = {isa = PBXFileReference; lastKnownFileType = text.plist.xml; path = Info.plist; sourceTree = "<group>"; };
/* End PBXFileReference section */

/* Begin PBXFrameworksBuildPhase section */
		F5983BE71E5A5ACB00F4F024 /* Frameworks */ = {
			isa = PBXFrameworksBuildPhase;
			buildActionMask = 2147483647;
			files = (
			);
			runOnlyForDeploymentPostprocessing = 0;
		};
		F5983BF81E5A5ACB00F4F024 /* Frameworks */ = {
			isa = PBXFrameworksBuildPhase;
			buildActionMask = 2147483647;
			files = (
			);
			runOnlyForDeploymentPostprocessing = 0;
		};
		F5983C031E5A5ACB00F4F024 /* Frameworks */ = {
			isa = PBXFrameworksBuildPhase;
			buildActionMask = 2147483647;
			files = (
			);
			runOnlyForDeploymentPostprocessing = 0;
		};
/* End PBXFrameworksBuildPhase section */

/* Begin PBXGroup section */
		F5983BE11E5A5ACB00F4F024 = {
			isa = PBXGroup;
			children = (
				F5983BEC1E5A5ACB00F4F024 /* xcode8git */,
				F5983BFE1E5A5ACB00F4F024 /* xcode8gitTests */,
				F5983C091E5A5ACB00F4F024 /* xcode8gitUITests */,
				F5983BEB1E5A5ACB00F4F024 /* Products */,
			);
			sourceTree = "<group>";
		};
		F5983BEB1E5A5ACB00F4F024 /* Products */ = {
			isa = PBXGroup;
			children = (
				F5983BEA1E5A5ACB00F4F024 /* xcode8git.app */,
				F5983BFB1E5A5ACB00F4F024 /* xcode8gitTests.xctest */,
				F5983C061E5A5ACB00F4F024 /* xcode8gitUITests.xctest */,
			);
			name = Products;
			sourceTree = "<group>";
		};
		F5983BEC1E5A5ACB00F4F024 /* xcode8git */ = {
			isa = PBXGroup;
			children = (
				F5983BED1E5A5ACB00F4F024 /* AppDelegate.swift */,
				F5983BEF1E5A5ACB00F4F024 /* ViewController.swift */,
				F5983BF11E5A5ACB00F4F024 /* Assets.xcassets */,
				F5983BF31E5A5ACB00F4F024 /* Main.storyboard */,
				F5983BF61E5A5ACB00F4F024 /* Info.plist */,
			);
			path = xcode8git;
			sourceTree = "<group>";
		};
		F5983BFE1E5A5ACB00F4F024 /* xcode8gitTests */ = {
			isa = PBXGroup;
			children = (
				F5983BFF1E5A5ACB00F4F024 /* xcode8gitTests.swift */,
				F5983C011E5A5ACB00F4F024 /* Info.plist */,
			);
			path = xcode8gitTests;
			sourceTree = "<group>";
		};
		F5983C091E5A5ACB00F4F024 /* xcode8gitUITests */ = {
			isa = PBXGroup;
			children = (
				F5983C0A1E5A5ACB00F4F024 /* xcode8gitUITests.swift */,
				F5983C0C1E5A5ACB00F4F024 /* Info.plist */,
			);
			path = xcode8gitUITests;
			sourceTree = "<group>";
		};
/* End PBXGroup section */

/* Begin PBXNativeTarget section */
		F5983BE91E5A5ACB00F4F024 /* xcode8git */ = {
			isa = PBXNativeTarget;
			buildConfigurationList = F5983C0F1E5A5ACB00F4F024 /* Build configuration list for PBXNativeTarget "xcode8git" */;
			buildPhases = (
				F5983BE61E5A5ACB00F4F024 /* Sources */,
				F5983BE71E5A5ACB00F4F024 /* Frameworks */,
				F5983BE81E5A5ACB00F4F024 /* Resources */,
			);
			buildRules = (
			);
			dependencies = (
			);
			name = xcode8git;
			productName = xcode8git;
			productReference = F5983BEA1E5A5ACB00F4F024 /* xcode8git.app */;
			productType = "com.apple.product-type.application";
		};
		F5983BFA1E5A5ACB00F4F024 /* xcode8gitTests */ = {
			isa = PBXNativeTarget;
			buildConfigurationList = F5983C121E5A5ACB00F4F024 /* Build configuration list for PBXNativeTarget "xcode8gitTests" */;
			buildPhases = (
				F5983BF71E5A5ACB00F4F024 /* Sources */,
				F5983BF81E5A5ACB00F4F024 /* Frameworks */,
				F5983BF91E5A5ACB00F4F024 /* Resources */,
			);
			buildRules = (
			);
			dependencies = (
				F5983BFD1E5A5ACB00F4F024 /* PBXTargetDependency */,
			);
			name = xcode8gitTests;
			productName = xcode8gitTests;
			productReference = F5983BFB1E5A5ACB00F4F024 /* xcode8gitTests.xctest */;
			productType = "com.apple.product-type.bundle.unit-test";
		};
		F5983C051E5A5ACB00F4F024 /* xcode8gitUITests */ = {
			isa = PBXNativeTarget;
			buildConfigurationList = F5983C151E5A5ACB00F4F024 /* Build configuration list for PBXNativeTarget "xcode8gitUITests" */;
			buildPhases = (
				F5983C021E5A5ACB00F4F024 /* Sources */,
				F5983C031E5A5ACB00F4F024 /* Frameworks */,
				F5983C041E5A5ACB00F4F024 /* Resources */,
			);
			buildRules = (
			);
			dependencies = (
				F5983C081E5A5ACB00F4F024 /* PBXTargetDependency */,
			);
			name = xcode8gitUITests;
			productName = xcode8gitUITests;
			productReference = F5983C061E5A5ACB00F4F024 /* xcode8gitUITests.xctest */;
			productType = "com.apple.product-type.bundle.ui-testing";
		};
/* End PBXNativeTarget section */

/* Begin PBXProject section */
		F5983BE21E5A5ACB00F4F024 /* Project object */ = {
			isa = PBXProject;
			attributes = {
				LastSwiftUpdateCheck = 0820;
				LastUpgradeCheck = 0820;
				ORGANIZATIONNAME = "Venkatesh Peddi";
				TargetAttributes = {
					F5983BE91E5A5ACB00F4F024 = {
						CreatedOnToolsVersion = 8.2.1;
						DevelopmentTeam = E6AN4F2GJR;
						ProvisioningStyle = Automatic;
					};
					F5983BFA1E5A5ACB00F4F024 = {
						CreatedOnToolsVersion = 8.2.1;
						DevelopmentTeam = E6AN4F2GJR;
						ProvisioningStyle = Automatic;
						TestTargetID = F5983BE91E5A5ACB00F4F024;
					};
					F5983C051E5A5ACB00F4F024 = {
						CreatedOnToolsVersion = 8.2.1;
						DevelopmentTeam = E6AN4F2GJR;
						ProvisioningStyle = Automatic;
						TestTargetID = F5983BE91E5A5ACB00F4F024;
					};
				};
			};
			buildConfigurationList = F5983BE51E5A5ACB00F4F024 /* Build configuration list for PBXProject "xcode8git" */;
			compatibilityVersion = "Xcode 3.2";
			developmentRegion = English;
			hasScannedForEncodings = 0;
			knownRegions = (
				en,
				Base,
			);
			mainGroup = F5983BE11E5A5ACB00F4F024;
			productRefGroup = F5983BEB1E5A5ACB00F4F024 /* Products */;
			projectDirPath = "";
			projectRoot = "";
			targets = (
				F5983BE91E5A5ACB00F4F024 /* xcode8git */,
				F5983BFA1E5A5ACB00F4F024 /* xcode8gitTests */,
				F5983C051E5A5ACB00F4F024 /* xcode8gitUITests */,
			);
		};
/* End PBXProject section */

/* Begin PBXResourcesBuildPhase section */
		F5983BE81E5A5ACB00F4F024 /* Resources */ = {
			isa = PBXResourcesBuildPhase;
			buildActionMask = 2147483647;
			files = (
				F5983BF21E5A5ACB00F4F024 /* Assets.xcassets in Resources */,
				F5983BF51E5A5ACB00F4F024 /* Main.storyboard in Resources */,
			);
			runOnlyForDeploymentPostprocessing = 0;
		};
		F5983BF91E5A5ACB00F4F024 /* Resources */ = {
			isa = PBXResourcesBuildPhase;
			buildActionMask = 2147483647;
			files = (
			);
			runOnlyForDeploymentPostprocessing = 0;
		};
		F5983C041E5A5ACB00F4F024 /* Resources */ = {
			isa = PBXResourcesBuildPhase;
			buildActionMask = 2147483647;
			files = (
			);
			runOnlyForDeploymentPostprocessing = 0;
		};
/* End PBXResourcesBuildPhase section */

/* Begin PBXSourcesBuildPhase section */
		F5983BE61E5A5ACB00F4F024 /* Sources */ = {
			isa = PBXSourcesBuildPhase;
			buildActionMask = 2147483647;
			files = (
				F5983BF01E5A5ACB00F4F024 /* ViewController.swift in Sources */,
				F5983BEE1E5A5ACB00F4F024 /* AppDelegate.swift in Sources */,
			);
			runOnlyForDeploymentPostprocessing = 0;
		};
		F5983BF71E5A5ACB00F4F024 /* Sources */ = {
			isa = PBXSourcesBuildPhase;
			buildActionMask = 2147483647;
			files = (
				F5983C001E5A5ACB00F4F024 /* xcode8gitTests.swift in Sources */,
			);
			runOnlyForDeploymentPostprocessing = 0;
		};
		F5983C021E5A5ACB00F4F024 /* Sources */ = {
			isa = PBXSourcesBuildPhase;
			buildActionMask = 2147483647;
			files = (
				F5983C0B1E5A5ACB00F4F024 /* xcode8gitUITests.swift in Sources */,
			);
			runOnlyForDeploymentPostprocessing = 0;
		};
/* End PBXSourcesBuildPhase section */

/* Begin PBXTargetDependency section */
		F5983BFD1E5A5ACB00F4F024 /* PBXTargetDependency */ = {
			isa = PBXTargetDependency;
			target = F5983BE91E5A5ACB00F4F024 /* xcode8git */;
			targetProxy = F5983BFC1E5A5ACB00F4F024 /* PBXContainerItemProxy */;
		};
		F5983C081E5A5ACB00F4F024 /* PBXTargetDependency */ = {
			isa = PBXTargetDependency;
			target = F5983BE91E5A5ACB00F4F024 /* xcode8git */;
			targetProxy = F5983C071E5A5ACB00F4F024 /* PBXContainerItemProxy */;
		};
/* End PBXTargetDependency section */

/* Begin PBXVariantGroup section */
		F5983BF31E5A5ACB00F4F024 /* Main.storyboard */ = {
			isa = PBXVariantGroup;
			children = (
				F5983BF41E5A5ACB00F4F024 /* Base */,
			);
			name = Main.storyboard;
			sourceTree = "<group>";
		};
/* End PBXVariantGroup section */

/* Begin XCBuildConfiguration section */
		F5983C0D1E5A5ACB00F4F024 /* Debug */ = {
			isa = XCBuildConfiguration;
			buildSettings = {
				ALWAYS_SEARCH_USER_PATHS = NO;
				CLANG_ANALYZER_NONNULL = YES;
				CLANG_CXX_LANGUAGE_STANDARD = "gnu++0x";
				CLANG_CXX_LIBRARY = "libc++";
				CLANG_ENABLE_MODULES = YES;
				CLANG_ENABLE_OBJC_ARC = YES;
				CLANG_WARN_BOOL_CONVERSION = YES;
				CLANG_WARN_CONSTANT_CONVERSION = YES;
				CLANG_WARN_DIRECT_OBJC_ISA_USAGE = YES_ERROR;
				CLANG_WARN_DOCUMENTATION_COMMENTS = YES;
				CLANG_WARN_EMPTY_BODY = YES;
				CLANG_WARN_ENUM_CONVERSION = YES;
				CLANG_WARN_INFINITE_RECURSION = YES;
				CLANG_WARN_INT_CONVERSION = YES;
				CLANG_WARN_OBJC_ROOT_CLASS = YES_ERROR;
				CLANG_WARN_SUSPICIOUS_MOVE = YES;
				CLANG_WARN_UNREACHABLE_CODE = YES;
				CLANG_WARN__DUPLICATE_METHOD_MATCH = YES;
				CODE_SIGN_IDENTITY = "-";
				COPY_PHASE_STRIP = NO;
				DEBUG_INFORMATION_FORMAT = dwarf;
				ENABLE_STRICT_OBJC_MSGSEND = YES;
				ENABLE_TESTABILITY = YES;
				GCC_C_LANGUAGE_STANDARD = gnu99;
				GCC_DYNAMIC_NO_PIC = NO;
				GCC_NO_COMMON_BLOCKS = YES;
				GCC_OPTIMIZATION_LEVEL = 0;
				GCC_PREPROCESSOR_DEFINITIONS = (
					"DEBUG=1",
					"$(inherited)",
				);
				GCC_WARN_64_TO_32_BIT_CONVERSION = YES;
				GCC_WARN_ABOUT_RETURN_TYPE = YES_ERROR;
				GCC_WARN_UNDECLARED_SELECTOR = YES;
				GCC_WARN_UNINITIALIZED_AUTOS = YES_AGGRESSIVE;
				GCC_WARN_UNUSED_FUNCTION = YES;
				GCC_WARN_UNUSED_VARIABLE = YES;
				MACOSX_DEPLOYMENT_TARGET = 10.12;
				MTL_ENABLE_DEBUG_INFO = YES;
				ONLY_ACTIVE_ARCH = YES;
				SDKROOT = macosx;
				SWIFT_ACTIVE_COMPILATION_CONDITIONS = DEBUG;
				SWIFT_OPTIMIZATION_LEVEL = "-Onone";
			};
			name = Debug;
		};
		F5983C0E1E5A5ACB00F4F024 /* Release */ = {
			isa = XCBuildConfiguration;
			buildSettings = {
				ALWAYS_SEARCH_USER_PATHS = NO;
				CLANG_ANALYZER_NONNULL = YES;
				CLANG_CXX_LANGUAGE_STANDARD = "gnu++0x";
				CLANG_CXX_LIBRARY = "libc++";
				CLANG_ENABLE_MODULES = YES;
				CLANG_ENABLE_OBJC_ARC = YES;
				CLANG_WARN_BOOL_CONVERSION = YES;
				CLANG_WARN_CONSTANT_CONVERSION = YES;
				CLANG_WARN_DIRECT_OBJC_ISA_USAGE = YES_ERROR;
				CLANG_WARN_DOCUMENTATION_COMMENTS = YES;
				CLANG_WARN_EMPTY_BODY = YES;
				CLANG_WARN_ENUM_CONVERSION = YES;
				CLANG_WARN_INFINITE_RECURSION = YES;
				CLANG_WARN_INT_CONVERSION = YES;
				CLANG_WARN_OBJC_ROOT_CLASS = YES_ERROR;
				CLANG_WARN_SUSPICIOUS_MOVE = YES;
				CLANG_WARN_UNREACHABLE_CODE = YES;
				CLANG_WARN__DUPLICATE_METHOD_MATCH = YES;
				CODE_SIGN_IDENTITY = "-";
				COPY_PHASE_STRIP = NO;
				DEBUG_INFORMATION_FORMAT = "dwarf-with-dsym";
				ENABLE_NS_ASSERTIONS = NO;
				ENABLE_STRICT_OBJC_MSGSEND = YES;
				GCC_C_LANGUAGE_STANDARD = gnu99;
				GCC_NO_COMMON_BLOCKS = YES;
				GCC_WARN_64_TO_32_BIT_CONVERSION = YES;
				GCC_WARN_ABOUT_RETURN_TYPE = YES_ERROR;
				GCC_WARN_UNDECLARED_SELECTOR = YES;
				GCC_WARN_UNINITIALIZED_AUTOS = YES_AGGRESSIVE;
				GCC_WARN_UNUSED_FUNCTION = YES;
				GCC_WARN_UNUSED_VARIABLE = YES;
				MACOSX_DEPLOYMENT_TARGET = 10.12;
				MTL_ENABLE_DEBUG_INFO = NO;
				SDKROOT = macosx;
				SWIFT_OPTIMIZATION_LEVEL = "-Owholemodule";
			};
			name = Release;
		};
		F5983C101E5A5ACB00F4F024 /* Debug */ = {
			isa = XCBuildConfiguration;
			buildSettings = {
				ASSETCATALOG_COMPILER_APPICON_NAME = AppIcon;
				COMBINE_HIDPI_IMAGES = YES;
				DEVELOPMENT_TEAM = E6AN4F2GJR;
				INFOPLIST_FILE = xcode8git/Info.plist;
				LD_RUNPATH_SEARCH_PATHS = "$(inherited) @executable_path/../Frameworks";
				PRODUCT_BUNDLE_IDENTIFIER = "com.Venkatesh-Peddi.xcode8git";
				PRODUCT_NAME = "$(TARGET_NAME)";
				SWIFT_VERSION = 3.0;
			};
			name = Debug;
		};
		F5983C111E5A5ACB00F4F024 /* Release */ = {
			isa = XCBuildConfiguration;
			buildSettings = {
				ASSETCATALOG_COMPILER_APPICON_NAME = AppIcon;
				COMBINE_HIDPI_IMAGES = YES;
				DEVELOPMENT_TEAM = E6AN4F2GJR;
				INFOPLIST_FILE = xcode8git/Info.plist;
				LD_RUNPATH_SEARCH_PATHS = "$(inherited) @executable_path/../Frameworks";
				PRODUCT_BUNDLE_IDENTIFIER = "com.Venkatesh-Peddi.xcode8git";
				PRODUCT_NAME = "$(TARGET_NAME)";
				SWIFT_VERSION = 3.0;
			};
			name = Release;
		};
		F5983C131E5A5ACB00F4F024 /* Debug */ = {
			isa = XCBuildConfiguration;
			buildSettings = {
				ALWAYS_EMBED_SWIFT_STANDARD_LIBRARIES = YES;
				BUNDLE_LOADER = "$(TEST_HOST)";
				COMBINE_HIDPI_IMAGES = YES;
				DEVELOPMENT_TEAM = E6AN4F2GJR;
				INFOPLIST_FILE = xcode8gitTests/Info.plist;
				LD_RUNPATH_SEARCH_PATHS = "$(inherited) @executable_path/../Frameworks @loader_path/../Frameworks";
				PRODUCT_BUNDLE_IDENTIFIER = "com.Venkatesh-Peddi.xcode8gitTests";
				PRODUCT_NAME = "$(TARGET_NAME)";
				SWIFT_VERSION = 3.0;
				TEST_HOST = "$(BUILT_PRODUCTS_DIR)/xcode8git.app/Contents/MacOS/xcode8git";
			};
			name = Debug;
		};
		F5983C141E5A5ACB00F4F024 /* Release */ = {
			isa = XCBuildConfiguration;
			buildSettings = {
				ALWAYS_EMBED_SWIFT_STANDARD_LIBRARIES = YES;
				BUNDLE_LOADER = "$(TEST_HOST)";
				COMBINE_HIDPI_IMAGES = YES;
				DEVELOPMENT_TEAM = E6AN4F2GJR;
				INFOPLIST_FILE = xcode8gitTests/Info.plist;
				LD_RUNPATH_SEARCH_PATHS = "$(inherited) @executable_path/../Frameworks @loader_path/../Frameworks";
				PRODUCT_BUNDLE_IDENTIFIER = "com.Venkatesh-Peddi.xcode8gitTests";
				PRODUCT_NAME = "$(TARGET_NAME)";
				SWIFT_VERSION = 3.0;
				TEST_HOST = "$(BUILT_PRODUCTS_DIR)/xcode8git.app/Contents/MacOS/xcode8git";
			};
			name = Release;
		};
		F5983C161E5A5ACB00F4F024 /* Debug */ = {
			isa = XCBuildConfiguration;
			buildSettings = {
				ALWAYS_EMBED_SWIFT_STANDARD_LIBRARIES = YES;
				COMBINE_HIDPI_IMAGES = YES;
				DEVELOPMENT_TEAM = E6AN4F2GJR;
				INFOPLIST_FILE = xcode8gitUITests/Info.plist;
				LD_RUNPATH_SEARCH_PATHS = "$(inherited) @executable_path/../Frameworks @loader_path/../Frameworks";
				PRODUCT_BUNDLE_IDENTIFIER = "com.Venkatesh-Peddi.xcode8gitUITests";
				PRODUCT_NAME = "$(TARGET_NAME)";
				SWIFT_VERSION = 3.0;
				TEST_TARGET_NAME = xcode8git;
			};
			name = Debug;
		};
		F5983C171E5A5ACB00F4F024 /* Release */ = {
			isa = XCBuildConfiguration;
			buildSettings = {
				ALWAYS_EMBED_SWIFT_STANDARD_LIBRARIES = YES;
				COMBINE_HIDPI_IMAGES = YES;
				DEVELOPMENT_TEAM = E6AN4F2GJR;
				INFOPLIST_FILE = xcode8gitUITests/Info.plist;
				LD_RUNPATH_SEARCH_PATHS = "$(inherited) @executable_path/../Frameworks @loader_path/../Frameworks";
				PRODUCT_BUNDLE_IDENTIFIER = "com.Venkatesh-Peddi.xcode8gitUITests";
				PRODUCT_NAME = "$(TARGET_NAME)";
				SWIFT_VERSION = 3.0;
				TEST_TARGET_NAME = xcode8git;
			};
			name = Release;
		};
/* End XCBuildConfiguration section */

/* Begin XCConfigurationList section */
		F5983BE51E5A5ACB00F4F024 /* Build configuration list for PBXProject "xcode8git" */ = {
			isa = XCConfigurationList;
			buildConfigurations = (
				F5983C0D1E5A5ACB00F4F024 /* Debug */,
				F5983C0E1E5A5ACB00F4F024 /* Release */,
			);
			defaultConfigurationIsVisible = 0;
			defaultConfigurationName = Release;
		};
		F5983C0F1E5A5ACB00F4F024 /* Build configuration list for PBXNativeTarget "xcode8git" */ = {
			isa = XCConfigurationList;
			buildConfigurations = (
				F5983C101E5A5ACB00F4F024 /* Debug */,
				F5983C111E5A5ACB00F4F024 /* Release */,
			);
			defaultConfigurationIsVisible = 0;
		};
		F5983C121E5A5ACB00F4F024 /* Build configuration list for PBXNativeTarget "xcode8gitTests" */ = {
			isa = XCConfigurationList;
			buildConfigurations = (
				F5983C131E5A5ACB00F4F024 /* Debug */,
				F5983C141E5A5ACB00F4F024 /* Release */,
			);
			defaultConfigurationIsVisible = 0;
		};
		F5983C151E5A5ACB00F4F024 /* Build configuration list for PBXNativeTarget "xcode8gitUITests" */ = {
			isa = XCConfigurationList;
			buildConfigurations = (
				F5983C161E5A5ACB00F4F024 /* Debug */,
				F5983C171E5A5ACB00F4F024 /* Release */,
			);
			defaultConfigurationIsVisible = 0;
		};
/* End XCConfigurationList section */
	};
	rootObject = F5983BE21E5A5ACB00F4F024 /* Project object */;
}
